// !$*UTF8*$!
{
	archiveVersion = 1;
	classes = {
	};
	objectVersion = 77;
	objects = {

/* Begin PBXBuildFile section */
		61E88ACDC443AD7DD3C40558 /* VisioNextApp.swift in Sources */ = {isa = PBXBuildFile; fileRef = F4566227A30763A0D417778C /* VisioNextApp.swift */; };
		69E5FFCF9D3F4E9B98C405A5 /* MenuBarView.swift in Sources */ = {isa = PBXBuildFile; fileRef = 0EB1E177C9DF05717B628981 /* MenuBarView.swift */; };
		BD760EE1EF25904E3C76CB07 /* VisioCore in Frameworks */ = {isa = PBXBuildFile; productRef = 898AEDD39EBE3879B89AAF76 /* VisioCore */; };
		C4AC095F68477A92CDBD14DD /* AppGroup.swift in Sources */ = {isa = PBXBuildFile; fileRef = FDC11B774B6BFD927F6D98E2 /* AppGroup.swift */; };
		CB4984A830D7E8DF2738062F /* LinkOpener.swift in Sources */ = {isa = PBXBuildFile; fileRef = 553FF0F0DF046F85B87D23BE /* LinkOpener.swift */; };
		E0E77D0103A4C02B87CD2FD4 /* SettingsView.swift in Sources */ = {isa = PBXBuildFile; fileRef = A4BF4BFAD5935ECF71DEAEC7 /* SettingsView.swift */; };
		E9B144EA1AD56B95C1DA17AA /* MenuBarViewModel.swift in Sources */ = {isa = PBXBuildFile; fileRef = 6B83315D76836ECEC20165D5 /* MenuBarViewModel.swift */; };
/* End PBXBuildFile section */

/* Begin PBXFileReference section */
		0EB1E177C9DF05717B628981 /* MenuBarView.swift */ = {isa = PBXFileReference; lastKnownFileType = sourcecode.swift; path = MenuBarView.swift; sourceTree = "<group>"; };
		109D9139A3992F7027CC3A38 /* VisioCore */ = {isa = PBXFileReference; lastKnownFileType = folder; name = VisioCore; path = ../VisioCore; sourceTree = SOURCE_ROOT; };
		553FF0F0DF046F85B87D23BE /* LinkOpener.swift */ = {isa = PBXFileReference; lastKnownFileType = sourcecode.swift; path = LinkOpener.swift; sourceTree = "<group>"; };
		6B83315D76836ECEC20165D5 /* MenuBarViewModel.swift */ = {isa = PBXFileReference; lastKnownFileType = sourcecode.swift; path = MenuBarViewModel.swift; sourceTree = "<group>"; };
		8D73CAA7B9870F67990B5442 /* VisioNext.app */ = {isa = PBXFileReference; explicitFileType = wrapper.application; includeInIndex = 0; path = VisioNext.app; sourceTree = BUILT_PRODUCTS_DIR; };
		A4BF4BFAD5935ECF71DEAEC7 /* SettingsView.swift */ = {isa = PBXFileReference; lastKnownFileType = sourcecode.swift; path = SettingsView.swift; sourceTree = "<group>"; };
		F4566227A30763A0D417778C /* VisioNextApp.swift */ = {isa = PBXFileReference; lastKnownFileType = sourcecode.swift; path = VisioNextApp.swift; sourceTree = "<group>"; };
		FDC11B774B6BFD927F6D98E2 /* AppGroup.swift */ = {isa = PBXFileReference; lastKnownFileType = sourcecode.swift; path = AppGroup.swift; sourceTree = "<group>"; };
/* End PBXFileReference section */

/* Begin PBXFrameworksBuildPhase section */
		8D1C018F217B09DEB914ED42 /* Frameworks */ = {
			isa = PBXFrameworksBuildPhase;
			buildActionMask = 2147483647;
			files = (
				BD760EE1EF25904E3C76CB07 /* VisioCore in Frameworks */,
			);
			runOnlyForDeploymentPostprocessing = 0;
		};
/* End PBXFrameworksBuildPhase section */

/* Begin PBXGroup section */
		01AAA60ABA58B9D19587BA84 /* Packages */ = {
			isa = PBXGroup;
			children = (
				109D9139A3992F7027CC3A38 /* VisioCore */,
			);
			name = Packages;
			sourceTree = "<group>";
		};
		21234C72FE9AA33144494599 /* Sources */ = {
			isa = PBXGroup;
			children = (
				FDC11B774B6BFD927F6D98E2 /* AppGroup.swift */,
				553FF0F0DF046F85B87D23BE /* LinkOpener.swift */,
				0EB1E177C9DF05717B628981 /* MenuBarView.swift */,
				6B83315D76836ECEC20165D5 /* MenuBarViewModel.swift */,
				A4BF4BFAD5935ECF71DEAEC7 /* SettingsView.swift */,
				F4566227A30763A0D417778C /* VisioNextApp.swift */,
			);
			path = Sources;
			sourceTree = "<group>";
		};
		56DFB8059F0A08BB1CE0D38F = {
			isa = PBXGroup;
			children = (
				01AAA60ABA58B9D19587BA84 /* Packages */,
				21234C72FE9AA33144494599 /* Sources */,
				80B1C9D18B07CB5F10B54F30 /* Products */,
			);
			sourceTree = "<group>";
		};
		80B1C9D18B07CB5F10B54F30 /* Products */ = {
			isa = PBXGroup;
			children = (
				8D73CAA7B9870F67990B5442 /* VisioNext.app */,
			);
			name = Products;
			sourceTree = "<group>";
		};
/* End PBXGroup section */

/* Begin PBXNativeTarget section */
		8FA1DCA745661CADCD23AB59 /* VisioNext */ = {
			isa = PBXNativeTarget;
			buildConfigurationList = D5932EEBBC943E79BF16FFB9 /* Build configuration list for PBXNativeTarget "VisioNext" */;
			buildPhases = (
				10F5B18588701F3ACCF83CCD /* Sources */,
				8D1C018F217B09DEB914ED42 /* Frameworks */,
			);
			buildRules = (
			);
			dependencies = (
			);
			name = VisioNext;
			packageProductDependencies = (
				898AEDD39EBE3879B89AAF76 /* VisioCore */,
			);
			productName = VisioNext;
			productReference = 8D73CAA7B9870F67990B5442 /* VisioNext.app */;
			productType = "com.apple.product-type.application";
		};
/* End PBXNativeTarget section */

/* Begin PBXProject section */
		29808DD8F51AFE802F30BB9B /* Project object */ = {
			isa = PBXProject;
			attributes = {
				BuildIndependentTargetsInParallel = YES;
				LastUpgradeCheck = 1430;
				TargetAttributes = {
					8FA1DCA745661CADCD23AB59 = {
						ProvisioningStyle = Automatic;
					};
				};
			};
			buildConfigurationList = 9625413737A41C3C2562CF8F /* Build configuration list for PBXProject "VisioNext" */;
			developmentRegion = en;
			hasScannedForEncodings = 0;
			knownRegions = (
				Base,
				en,
			);
			mainGroup = 56DFB8059F0A08BB1CE0D38F;
			minimizedProjectReferenceProxies = 1;
			packageReferences = (
				0BC43E2C0E633E742DB50AC3 /* XCLocalSwiftPackageReference "../VisioCore" */,
			);
			preferredProjectObjectVersion = 77;
			productRefGroup = 80B1C9D18B07CB5F10B54F30 /* Products */;
			projectDirPath = "";
			projectRoot = "";
			targets = (
				8FA1DCA745661CADCD23AB59 /* VisioNext */,
			);
		};
/* End PBXProject section */

/* Begin PBXSourcesBuildPhase section */
		10F5B18588701F3ACCF83CCD /* Sources */ = {
			isa = PBXSourcesBuildPhase;
			buildActionMask = 2147483647;
			files = (
				C4AC095F68477A92CDBD14DD /* AppGroup.swift in Sources */,
				CB4984A830D7E8DF2738062F /* LinkOpener.swift in Sources */,
				69E5FFCF9D3F4E9B98C405A5 /* MenuBarView.swift in Sources */,
				E9B144EA1AD56B95C1DA17AA /* MenuBarViewModel.swift in Sources */,
				E0E77D0103A4C02B87CD2FD4 /* SettingsView.swift in Sources */,
				61E88ACDC443AD7DD3C40558 /* VisioNextApp.swift in Sources */,
			);
			runOnlyForDeploymentPostprocessing = 0;
		};
/* End PBXSourcesBuildPhase section */

/* Begin XCBuildConfiguration section */
		3C00F0B9C979806D96953D10 /* Release */ = {
			isa = XCBuildConfiguration;
			buildSettings = {
				ASSETCATALOG_COMPILER_APPICON_NAME = AppIcon;
				CODE_SIGN_STYLE = Automatic;
				COMBINE_HIDPI_IMAGES = YES;
				CURRENT_PROJECT_VERSION = 1;
				ENABLE_HARDENED_RUNTIME = YES;
				GENERATE_INFOPLIST_FILE = NO;
				INFOPLIST_FILE = Info.plist;
				LD_RUNPATH_SEARCH_PATHS = (
					"$(inherited)",
					"@executable_path/../Frameworks",
				);
				MARKETING_VERSION = 0.1.0;
				PRODUCT_BUNDLE_IDENTIFIER = com.meidosem.visionext;
				SDKROOT = macosx;
				SWIFT_VERSION = 6.0;
			};
			name = Release;
		};
		4698711C4EC9158BB95BF5D7 /* Debug */ = {
			isa = XCBuildConfiguration;
			buildSettings = {
				ALWAYS_SEARCH_USER_PATHS = NO;
				CLANG_ANALYZER_NONNULL = YES;
				CLANG_ANALYZER_NUMBER_OBJECT_CONVERSION = YES_AGGRESSIVE;
				CLANG_CXX_LANGUAGE_STANDARD = "gnu++14";
				CLANG_CXX_LIBRARY = "libc++";
				CLANG_ENABLE_MODULES = YES;
				CLANG_ENABLE_OBJC_ARC = YES;
				CLANG_ENABLE_OBJC_WEAK = YES;
				CLANG_WARN_BLOCK_CAPTURE_AUTORELEASING = YES;
				CLANG_WARN_BOOL_CONVERSION = YES;
				CLANG_WARN_COMMA = YES;
				CLANG_WARN_CONSTANT_CONVERSION = YES;
				CLANG_WARN_DEPRECATED_OBJC_IMPLEMENTATIONS = YES;
				CLANG_WARN_DIRECT_OBJC_ISA_USAGE = YES_ERROR;
				CLANG_WARN_DOCUMENTATION_COMMENTS = YES;
				CLANG_WARN_EMPTY_BODY = YES;
				CLANG_WARN_ENUM_CONVERSION = YES;
				CLANG_WARN_INFINITE_RECURSION = YES;
				CLANG_WARN_INT_CONVERSION = YES;
				CLANG_WARN_NON_LITERAL_NULL_CONVERSION = YES;
				CLANG_WARN_OBJC_IMPLICIT_RETAIN_SELF = YES;
				CLANG_WARN_OBJC_LITERAL_CONVERSION = YES;
				CLANG_WARN_OBJC_ROOT_CLASS = YES_ERROR;
				CLANG_WARN_QUOTED_INCLUDE_IN_FRAMEWORK_HEADER = YES;
				CLANG_WARN_RANGE_LOOP_ANALYSIS = YES;
				CLANG_WARN_STRICT_PROTOTYPES = YES;
				CLANG_WARN_SUSPICIOUS_MOVE = YES;
				CLANG_WARN_UNGUARDED_AVAILABILITY = YES_AGGRESSIVE;
				CLANG_WARN_UNREACHABLE_CODE = YES;
				CLANG_WARN__DUPLICATE_METHOD_MATCH = YES;
				COPY_PHASE_STRIP = NO;
				DEBUG_INFORMATION_FORMAT = dwarf;
				ENABLE_STRICT_OBJC_MSGSEND = YES;
				ENABLE_TESTABILITY = YES;
				GCC_C_LANGUAGE_STANDARD = gnu11;
				GCC_DYNAMIC_NO_PIC = NO;
				GCC_NO_COMMON_BLOCKS = YES;
				GCC_OPTIMIZATION_LEVEL = 0;
				GCC_PREPROCESSOR_DEFINITIONS = (
					"$(inherited)",
					"DEBUG=1",
				);
				GCC_WARN_64_TO_32_BIT_CONVERSION = YES;
				GCC_WARN_ABOUT_RETURN_TYPE = YES_ERROR;
				GCC_WARN_UNDECLARED_SELECTOR = YES;
				GCC_WARN_UNINITIALIZED_AUTOS = YES_AGGRESSIVE;
				GCC_WARN_UNUSED_FUNCTION = YES;
				GCC_WARN_UNUSED_VARIABLE = YES;
				MACOSX_DEPLOYMENT_TARGET = 14.0;
				MTL_ENABLE_DEBUG_INFO = INCLUDE_SOURCE;
				MTL_FAST_MATH = YES;
				ONLY_ACTIVE_ARCH = YES;
				PRODUCT_NAME = "$(TARGET_NAME)";
				SDKROOT = macosx;
				SWIFT_ACTIVE_COMPILATION_CONDITIONS = DEBUG;
				SWIFT_OPTIMIZATION_LEVEL = "-Onone";
				SWIFT_VERSION = 5.0;
			};
			name = Debug;
		};
		72425D1CDEF0E6DDB90C96AB /* Release */ = {
			isa = XCBuildConfiguration;
			buildSettings = {
				ALWAYS_SEARCH_USER_PATHS = NO;
				CLANG_ANALYZER_NONNULL = YES;
				CLANG_ANALYZER_NUMBER_OBJECT_CONVERSION = YES_AGGRESSIVE;
				CLANG_CXX_LANGUAGE_STANDARD = "gnu++14";
				CLANG_CXX_LIBRARY = "libc++";
				CLANG_ENABLE_MODULES = YES;
				CLANG_ENABLE_OBJC_ARC = YES;
				CLANG_ENABLE_OBJC_WEAK = YES;
				CLANG_WARN_BLOCK_CAPTURE_AUTORELEASING = YES;
				CLANG_WARN_BOOL_CONVERSION = YES;
				CLANG_WARN_COMMA = YES;
				CLANG_WARN_CONSTANT_CONVERSION = YES;
				CLANG_WARN_DEPRECATED_OBJC_IMPLEMENTATIONS = YES;
				CLANG_WARN_DIRECT_OBJC_ISA_USAGE = YES_ERROR;
				CLANG_WARN_DOCUMENTATION_COMMENTS = YES;
				CLANG_WARN_EMPTY_BODY = YES;
				CLANG_WARN_ENUM_CONVERSION = YES;
				CLANG_WARN_INFINITE_RECURSION = YES;
				CLANG_WARN_INT_CONVERSION = YES;
				CLANG_WARN_NON_LITERAL_NULL_CONVERSION = YES;
				CLANG_WARN_OBJC_IMPLICIT_RETAIN_SELF = YES;
				CLANG_WARN_OBJC_LITERAL_CONVERSION = YES;
				CLANG_WARN_OBJC_ROOT_CLASS = YES_ERROR;
				CLANG_WARN_QUOTED_INCLUDE_IN_FRAMEWORK_HEADER = YES;
				CLANG_WARN_RANGE_LOOP_ANALYSIS = YES;
				CLANG_WARN_STRICT_PROTOTYPES = YES;
				CLANG_WARN_SUSPICIOUS_MOVE = YES;
				CLANG_WARN_UNGUARDED_AVAILABILITY = YES_AGGRESSIVE;
				CLANG_WARN_UNREACHABLE_CODE = YES;
				CLANG_WARN__DUPLICATE_METHOD_MATCH = YES;
				COPY_PHASE_STRIP = NO;
				DEBUG_INFORMATION_FORMAT = "dwarf-with-dsym";
				ENABLE_NS_ASSERTIONS = NO;
				ENABLE_STRICT_OBJC_MSGSEND = YES;
				GCC_C_LANGUAGE_STANDARD = gnu11;
				GCC_NO_COMMON_BLOCKS = YES;
				GCC_WARN_64_TO_32_BIT_CONVERSION = YES;
				GCC_WARN_ABOUT_RETURN_TYPE = YES_ERROR;
				GCC_WARN_UNDECLARED_SELECTOR = YES;
				GCC_WARN_UNINITIALIZED_AUTOS = YES_AGGRESSIVE;
				GCC_WARN_UNUSED_FUNCTION = YES;
				GCC_WARN_UNUSED_VARIABLE = YES;
				MACOSX_DEPLOYMENT_TARGET = 14.0;
				MTL_ENABLE_DEBUG_INFO = NO;
				MTL_FAST_MATH = YES;
				PRODUCT_NAME = "$(TARGET_NAME)";
				SDKROOT = macosx;
				SWIFT_COMPILATION_MODE = wholemodule;
				SWIFT_OPTIMIZATION_LEVEL = "-O";
				SWIFT_VERSION = 5.0;
			};
			name = Release;
		};
		A7D35142CA5ACC64D36549F4 /* Debug */ = {
			isa = XCBuildConfiguration;
			buildSettings = {
				ASSETCATALOG_COMPILER_APPICON_NAME = AppIcon;
				CODE_SIGN_STYLE = Automatic;
				COMBINE_HIDPI_IMAGES = YES;
				CURRENT_PROJECT_VERSION = 1;
				ENABLE_HARDENED_RUNTIME = YES;
				GENERATE_INFOPLIST_FILE = NO;
				INFOPLIST_FILE = Info.plist;
				LD_RUNPATH_SEARCH_PATHS = (
					"$(inherited)",
					"@executable_path/../Frameworks",
				);
				MARKETING_VERSION = 0.1.0;
				PRODUCT_BUNDLE_IDENTIFIER = com.meidosem.visionext;
				SDKROOT = macosx;
				SWIFT_VERSION = 6.0;
			};
			name = Debug;
		};
/* End XCBuildConfiguration section */

/* Begin XCConfigurationList section */
		9625413737A41C3C2562CF8F /* Build configuration list for PBXProject "VisioNext" */ = {
			isa = XCConfigurationList;
			buildConfigurations = (
				4698711C4EC9158BB95BF5D7 /* Debug */,
				72425D1CDEF0E6DDB90C96AB /* Release */,
			);
			defaultConfigurationIsVisible = 0;
			defaultConfigurationName = Debug;
		};
		D5932EEBBC943E79BF16FFB9 /* Build configuration list for PBXNativeTarget "VisioNext" */ = {
			isa = XCConfigurationList;
			buildConfigurations = (
				A7D35142CA5ACC64D36549F4 /* Debug */,
				3C00F0B9C979806D96953D10 /* Release */,
			);
			defaultConfigurationIsVisible = 0;
			defaultConfigurationName = Debug;
		};
/* End XCConfigurationList section */

/* Begin XCLocalSwiftPackageReference section */
		0BC43E2C0E633E742DB50AC3 /* XCLocalSwiftPackageReference "../VisioCore" */ = {
			isa = XCLocalSwiftPackageReference;
			relativePath = ../VisioCore;
		};
/* End XCLocalSwiftPackageReference section */

/* Begin XCSwiftPackageProductDependency section */
		898AEDD39EBE3879B89AAF76 /* VisioCore */ = {
			isa = XCSwiftPackageProductDependency;
			productName = VisioCore;
		};
/* End XCSwiftPackageProductDependency section */
	};
	rootObject = 29808DD8F51AFE802F30BB9B /* Project object */;
}
